
Microsoft Visual Studio Solution File, Format Version 12.00
# Visual Studio Version 17
VisualStudioVersion = 17.10.35027.167
MinimumVisualStudioVersion = 10.0.40219.1
Project("{FAE04EC0-301F-11D3-BF4B-00C04F79EFBC}") = "Authenticator.Server", "Authenticator.Server\Authenticator.Server.csproj", "{66B0A898-D22C-4C26-B16C-FE4BC47345FB}"
EndProject
Project("{54A90642-561A-4BB1-A94E-469ADEE60C69}") = "authenticator.client", "authenticator.client\authenticator.client.esproj", "{CA5C14F0-873C-4B97-BB80-82D01A1C2725}"
EndProject
Global
	GlobalSection(SolutionConfigurationPlatforms) = preSolution
		Debug|Any CPU = Debug|Any CPU
		Release|Any CPU = Release|Any CPU
	EndGlobalSection
	GlobalSection(ProjectConfigurationPlatforms) = postSolution
		{66B0A898-D22C-4C26-B16C-FE4BC47345FB}.Debug|Any CPU.ActiveCfg = Debug|Any CPU
		{66B0A898-D22C-4C26-B16C-FE4BC47345FB}.Debug|Any CPU.Build.0 = Debug|Any CPU
		{66B0A898-D22C-4C26-B16C-FE4BC47345FB}.Release|Any CPU.ActiveCfg = Release|Any CPU
		{66B0A898-D22C-4C26-B16C-FE4BC47345FB}.Release|Any CPU.Build.0 = Release|Any CPU
		{CA5C14F0-873C-4B97-BB80-82D01A1C2725}.Debug|Any CPU.ActiveCfg = Debug|Any CPU
		{CA5C14F0-873C-4B97-BB80-82D01A1C2725}.Debug|Any CPU.Build.0 = Debug|Any CPU
		{CA5C14F0-873C-4B97-BB80-82D01A1C2725}.Debug|Any CPU.Deploy.0 = Debug|Any CPU
		{CA5C14F0-873C-4B97-BB80-82D01A1C2725}.Release|Any CPU.ActiveCfg = Release|Any CPU
		{CA5C14F0-873C-4B97-BB80-82D01A1C2725}.Release|Any CPU.Build.0 = Release|Any CPU
		{CA5C14F0-873C-4B97-BB80-82D01A1C2725}.Release|Any CPU.Deploy.0 = Release|Any CPU
	EndGlobalSection
	GlobalSection(SolutionProperties) = preSolution
		HideSolutionNode = FALSE
	EndGlobalSection
	GlobalSection(ExtensibilityGlobals) = postSolution
		SolutionGuid = {3BB105EF-C33C-4705-AF46-6A786BBB5CB9}
	EndGlobalSection
EndGlobal
